# THIS IS AN AUTOGENERATED FILE. DO NOT EDIT THIS FILE DIRECTLY.
# yarn lockfile v1


"@discordjs/builders@^1.0.0":
  version "1.0.0"
  resolved "https://registry.yarnpkg.com/@discordjs/builders/-/builders-1.0.0.tgz#1ddc5a7f9d20977e7414c02989169bb7f55294ba"
  integrity sha512-8y91ZfpOHubiGJu5tVyGI9tQCEyHZDTeqUWVcJd0dq7B96xIf84S0L4fwmD1k9zTe1eqEFSk0gc7BpY+FKn7Ww==
  dependencies:
    "@sapphire/shapeshift" "^3.5.1"
    discord-api-types "^0.36.2"
    fast-deep-equal "^3.1.3"
    ts-mixer "^6.0.1"
    tslib "^2.4.0"

"@discordjs/collection@^1.0.0":
  version "1.0.0"
  resolved "https://registry.yarnpkg.com/@discordjs/collection/-/collection-1.0.0.tgz#4d777d87e56640a200200e7f5605c0fba05ac1b8"
  integrity sha512-nAxDQYE5dNAzEGQ7HU20sujDsG5vLowUKCEqZkKUIlrXERZFTt/60zKUj/g4+AVCGeq+pXC5hivMaNtiC+PY5Q==

"@discordjs/rest@^1.0.0":
  version "1.0.0"
  resolved "https://registry.yarnpkg.com/@discordjs/rest/-/rest-1.0.0.tgz#624ac48cf8f66f46d47371323963a0c0617ddd63"
  integrity sha512-uDAvnE0P2a8axMdD4C51EGjvCRQ2HZk2Yxf6vHWZgIqG87D8DGKMPwmquIxrrB07MjV+rwci2ObU+mGhGP+bJg==
  dependencies:
    "@discordjs/collection" "^1.0.0"
    "@sapphire/async-queue" "^1.3.2"
    "@sapphire/snowflake" "^3.2.2"
    discord-api-types "^0.36.2"
    file-type "^17.1.2"
    tslib "^2.4.0"
    undici "^5.7.0"

"@sapphire/async-queue@^1.3.2":
  version "1.3.2"
  resolved "https://registry.yarnpkg.com/@sapphire/async-queue/-/async-queue-1.3.2.tgz#befe5f5025e2e317a9eba2d1a24ca5d2e4576f86"
  integrity sha512-rUpMLATsoAMnlN3gecAcr9Ecnw1vG7zi5Xr+IX22YzRzi1k9PF9vKzoT8RuEJbiIszjcimu3rveqUnvwDopz8g==

"@sapphire/shapeshift@^3.5.1":
  version "3.5.1"
  resolved "https://registry.yarnpkg.com/@sapphire/shapeshift/-/shapeshift-3.5.1.tgz#3bfd0e6bcfdced4ac26a6f450b5f7b8e49f4f2cc"
  integrity sha512-7JFsW5IglyOIUQI1eE0g6h06D/Far6HqpcowRScgCiLSqTf3hhkPWCWotVTtVycnDCMYIwPeaw6IEPBomKC8pA==
  dependencies:
    fast-deep-equal "^3.1.3"
    lodash.uniqwith "^4.5.0"

"@sapphire/snowflake@^3.2.2":
  version "3.2.2"
  resolved "https://registry.yarnpkg.com/@sapphire/snowflake/-/snowflake-3.2.2.tgz#faacdc1b5f7c43145a71eddba917de2b707ef780"
  integrity sha512-ula2O0kpSZtX9rKXNeQMrHwNd7E4jPDJYUXmEGTFdMRfyfMw+FPyh04oKMjAiDuOi64bYgVkOV3MjK+loImFhQ==

"@tokenizer/token@^0.3.0":
  version "0.3.0"
  resolved "https://registry.yarnpkg.com/@tokenizer/token/-/token-0.3.0.tgz#fe98a93fe789247e998c75e74e9c7c63217aa276"
  integrity sha512-OvjF+z51L3ov0OyAU0duzsYuvO01PH7x4t6DJx+guahgTnBHkhJdG7soQeTSFLWN3efnHyibZ4Z8l2EuWwJN3A==

"@types/glob@^7.2.0":
  version "7.2.0"
  resolved "https://registry.yarnpkg.com/@types/glob/-/glob-7.2.0.tgz#bc1b5bf3aa92f25bd5dd39f35c57361bdce5b2eb"
  integrity sha512-ZUxbzKl0IfJILTS6t7ip5fQQM/J3TJYubDm3nMbgubNNYS62eXeUpoLUC8/7fJNiFYHTrGPQn7hspDUzIHX3UA==
  dependencies:
    "@types/minimatch" "*"
    "@types/node" "*"

"@types/minimatch@*":
  version "3.0.5"
  resolved "https://registry.yarnpkg.com/@types/minimatch/-/minimatch-3.0.5.tgz#1001cc5e6a3704b83c236027e77f2f58ea010f40"
  integrity sha512-Klz949h02Gz2uZCMGwDUSDS1YBlTdDDgbWHi+81l29tQALUtvz4rAYi5uoVhE5Lagoq6DeqAUlbrHvW/mXDgdQ==

"@types/node@*", "@types/node@^18.0.6":
  version "18.0.6"
  resolved "https://registry.yarnpkg.com/@types/node/-/node-18.0.6.tgz#0ba49ac517ad69abe7a1508bc9b3a5483df9d5d7"
  integrity sha512-/xUq6H2aQm261exT6iZTMifUySEt4GR5KX8eYyY+C4MSNPqSh9oNIP7tz2GLKTlFaiBbgZNxffoR3CVRG+cljw==

"@types/ws@^8.5.3":
  version "8.5.3"
  resolved "https://registry.yarnpkg.com/@types/ws/-/ws-8.5.3.tgz#7d25a1ffbecd3c4f2d35068d0b283c037003274d"
  integrity sha512-6YOoWjruKj1uLf3INHH7D3qTXwFfEsg1kf3c0uDdSBJwfa/llkwIjrAGV7j7mVgGNbzTQ3HiHKKDXl6bJPD97w==
  dependencies:
    "@types/node" "*"

asynckit@^0.4.0:
  version "0.4.0"
  resolved "https://registry.yarnpkg.com/asynckit/-/asynckit-0.4.0.tgz#c79ed97f7f34cb8f2ba1bc9790bcc366474b4b79"
  integrity sha512-Oei9OH4tRh0YqU3GxhX79dM/mwVgvbZJaSNaRk+bshkj0S5cfHcgYakreBjrHwatXKbz+IoIdYLxrKim2MjW0Q==

axios@^0.27.2:
  version "0.27.2"
  resolved "https://registry.yarnpkg.com/axios/-/axios-0.27.2.tgz#207658cc8621606e586c85db4b41a750e756d972"
  integrity sha512-t+yRIyySRTp/wua5xEr+z1q60QmLq8ABsS5O9Me1AsE5dfKqgnCFzwiCZZ/cGNd1lq4/7akDWMxdhVlucjmnOQ==
  dependencies:
    follow-redirects "^1.14.9"
    form-data "^4.0.0"

balanced-match@^1.0.0:
  version "1.0.2"
  resolved "https://registry.yarnpkg.com/balanced-match/-/balanced-match-1.0.2.tgz#e83e3a7e3f300b34cb9d87f615fa0cbf357690ee"
  integrity sha512-3oSeUO0TMV67hN1AmbXsK4yaqU7tjiHlbxRDZOpH0KW9+CeX4bRAaX0Anxt0tx2MrpRpWwQaPwIlISEJhYU5Pw==

bent@^7.3.12:
  version "7.3.12"
  resolved "https://registry.yarnpkg.com/bent/-/bent-7.3.12.tgz#e0a2775d4425e7674c64b78b242af4f49da6b035"
  integrity sha512-T3yrKnVGB63zRuoco/7Ybl7BwwGZR0lceoVG5XmQyMIH9s19SV5m+a8qam4if0zQuAmOQTyPTPmsQBdAorGK3w==
  dependencies:
    bytesish "^0.4.1"
    caseless "~0.12.0"
    is-stream "^2.0.0"

brace-expansion@^2.0.1:
  version "2.0.1"
  resolved "https://registry.yarnpkg.com/brace-expansion/-/brace-expansion-2.0.1.tgz#1edc459e0f0c548486ecf9fc99f2221364b9a0ae"
  integrity sha512-XnAIvQ8eM+kC6aULx6wuQiwVsnzsi9d3WxzV3FpWTGA19F621kwdbsAcFKXgKUHZWsy+mY6iL1sHTxWEFCytDA==
  dependencies:
    balanced-match "^1.0.0"

bytesish@^0.4.1:
  version "0.4.4"
  resolved "https://registry.yarnpkg.com/bytesish/-/bytesish-0.4.4.tgz#f3b535a0f1153747427aee27256748cff92347e6"
  integrity sha512-i4uu6M4zuMUiyfZN4RU2+i9+peJh//pXhd9x1oSe1LBkZ3LEbCoygu8W0bXTukU1Jme2txKuotpCZRaC3FLxcQ==

caseless@~0.12.0:
  version "0.12.0"
  resolved "https://registry.yarnpkg.com/caseless/-/caseless-0.12.0.tgz#1b681c21ff84033c826543090689420d187151dc"
  integrity sha512-4tYFyifaFfGacoiObjJegolkwSU4xQNGbVgUiNYVUxbQ2x2lUsFvY4hVgVzGiIe6WLOPqycWXA40l+PWsxthUw==

combined-stream@^1.0.8:
  version "1.0.8"
  resolved "https://registry.yarnpkg.com/combined-stream/-/combined-stream-1.0.8.tgz#c3d45a8b34fd730631a110a8a2520682b31d5a7f"
  integrity sha512-FQN4MRfuJeHf7cBbBMJFXhKSDq+2kAArBlmRBvcvFE5BB1HZKXtSFASDhdlz9zOYwxh8lDdnvmMOe/+5cdoEdg==
  dependencies:
    delayed-stream "~1.0.0"

delayed-stream@~1.0.0:
  version "1.0.0"
  resolved "https://registry.yarnpkg.com/delayed-stream/-/delayed-stream-1.0.0.tgz#df3ae199acadfb7d440aaae0b29e2272b24ec619"
  integrity sha512-ZySD7Nf91aLB0RxL4KGrKHBXl7Eds1DAmEdcoVawXnLD7SDhpNgtuII2aAkg7a7QS41jxPSZ17p4VdGnMHk3MQ==

discord-api-types@^0.36.2:
  version "0.36.3"
  resolved "https://registry.yarnpkg.com/discord-api-types/-/discord-api-types-0.36.3.tgz#a931b7e57473a5c971d6937fa5f392eb30047579"
  integrity sha512-bz/NDyG0KBo/tY14vSkrwQ/n3HKPf87a0WFW/1M9+tXYK+vp5Z5EksawfCWo2zkAc6o7CClc0eff1Pjrqznlwg==

discord.js@^14.0.3:
  version "14.0.3"
  resolved "https://registry.yarnpkg.com/discord.js/-/discord.js-14.0.3.tgz#ee9d51030b130b3a00f7fc3e75dc2352b24350ea"
  integrity sha512-wH/VQl4CqN8/+dcXEtYis1iurqxGlDpEe0O4CqH5FGqZGIjVpTdtK0STXXx7bVNX8MT/0GvLZLkmO/5gLDWZVg==
  dependencies:
    "@discordjs/builders" "^1.0.0"
    "@discordjs/collection" "^1.0.0"
    "@discordjs/rest" "^1.0.0"
    "@sapphire/snowflake" "^3.2.2"
    "@types/ws" "^8.5.3"
    discord-api-types "^0.36.2"
    fast-deep-equal "^3.1.3"
    lodash.snakecase "^4.1.1"
    tslib "^2.4.0"
    undici "^5.8.0"
    ws "^8.8.1"

fast-deep-equal@^3.1.3:
  version "3.1.3"
  resolved "https://registry.yarnpkg.com/fast-deep-equal/-/fast-deep-equal-3.1.3.tgz#3a7d56b559d6cbc3eb512325244e619a65c6c525"
  integrity sha512-f3qQ9oQy9j2AhBe/H9VC91wLmKBCCU/gDOnKNAYG5hswO7BLKj09Hc5HYNz9cGI++xlpDCIgDaitVs03ATR84Q==

fast-xml-parser@^4.0.9:
  version "4.0.9"
  resolved "https://registry.yarnpkg.com/fast-xml-parser/-/fast-xml-parser-4.0.9.tgz#3a81dab7b4952b8d38f0136d28bd055b80ed6512"
  integrity sha512-4G8EzDg2Nb1Qurs3f7BpFV4+jpMVsdgLVuG1Uv8O2OHJfVCg7gcA53obuKbmVqzd4Y7YXVBK05oJG7hzGIdyzg==
  dependencies:
    strnum "^1.0.5"

file-type@^17.1.2:
  version "17.1.3"
  resolved "https://registry.yarnpkg.com/file-type/-/file-type-17.1.3.tgz#aa012d7e920f8fdec86cea34d7e59b3afb3d83b7"
  integrity sha512-MFVSozBIhvnx2dkxlf+010Xqn6+ojlMUT9LXQiPNoOijgRtXNMghWdGK0u2o1RoCqzHoVsw65IL8ZBcQ4MhIrw==
  dependencies:
    readable-web-to-node-stream "^3.0.2"
    strtok3 "^7.0.0-alpha.7"
    token-types "^5.0.0-alpha.2"

follow-redirects@^1.14.9:
  version "1.15.1"
  resolved "https://registry.yarnpkg.com/follow-redirects/-/follow-redirects-1.15.1.tgz#0ca6a452306c9b276e4d3127483e29575e207ad5"
  integrity sha512-yLAMQs+k0b2m7cVxpS1VKJVvoz7SS9Td1zss3XRwXj+ZDH00RJgnuLx7E44wx02kQLrdM3aOOy+FpzS7+8OizA==

form-data@^4.0.0:
  version "4.0.0"
  resolved "https://registry.yarnpkg.com/form-data/-/form-data-4.0.0.tgz#93919daeaf361ee529584b9b31664dc12c9fa452"
  integrity sha512-ETEklSGi5t0QMZuiXoA/Q6vcnxcLQP5vdugSpuAyi6SVGi2clPPp+xgEhuMaHC+zGgn31Kd235W35f7Hykkaww==
  dependencies:
    asynckit "^0.4.0"
    combined-stream "^1.0.8"
    mime-types "^2.1.12"

fs.realpath@^1.0.0:
  version "1.0.0"
  resolved "https://registry.yarnpkg.com/fs.realpath/-/fs.realpath-1.0.0.tgz#1504ad2523158caa40db4a2787cb01411994ea4f"
  integrity sha512-OO0pH2lK6a0hZnAdau5ItzHPI6pUlvI7jMVnxUQRtw4owF2wk8lOSabtGDCTP4Ggrg2MbGnWO9X8K1t4+fGMDw==

glob@^8.0.3:
  version "8.0.3"
  resolved "https://registry.yarnpkg.com/glob/-/glob-8.0.3.tgz#415c6eb2deed9e502c68fa44a272e6da6eeca42e"
  integrity sha512-ull455NHSHI/Y1FqGaaYFaLGkNMMJbavMrEGFXG/PGrg6y7sutWHUHrz6gy6WEBH6akM1M414dWKCNs+IhKdiQ==
  dependencies:
    fs.realpath "^1.0.0"
    inflight "^1.0.4"
    inherits "2"
    minimatch "^5.0.1"
    once "^1.3.0"

ieee754@^1.2.1:
  version "1.2.1"
  resolved "https://registry.yarnpkg.com/ieee754/-/ieee754-1.2.1.tgz#8eb7a10a63fff25d15a57b001586d177d1b0d352"
  integrity sha512-dcyqhDvX1C46lXZcVqCpK+FtMRQVdIMN6/Df5js2zouUsqG7I6sFxitIC+7KYK29KdXOLHdu9zL4sFnoVQnqaA==

inflight@^1.0.4:
  version "1.0.6"
  resolved "https://registry.yarnpkg.com/inflight/-/inflight-1.0.6.tgz#49bd6331d7d02d0c09bc910a1075ba8165b56df9"
  integrity sha512-k92I/b08q4wvFscXCLvqfsHCrjrF7yiXsQuIVvVE7N82W3+aqpzuUdBbfhWcy/FZR3/4IgflMgKLOsvPDrGCJA==
  dependencies:
    once "^1.3.0"
    wrappy "1"

inherits@2, inherits@^2.0.3:
  version "2.0.4"
  resolved "https://registry.yarnpkg.com/inherits/-/inherits-2.0.4.tgz#0fa2c64f932917c3433a0ded55363aae37416b7c"
  integrity sha512-k/vGaX4/Yla3WzyMCvTQOXYeIHvqOKtnqBduzTHpzpQZzAskKMhZ2K+EnBiSM9zGSoIFeMpXKxa4dYeZIQqewQ==

inherits@2.0.3:
  version "2.0.3"
  resolved "https://registry.yarnpkg.com/inherits/-/inherits-2.0.3.tgz#633c2c83e3da42a502f52466022480f4208261de"
  integrity sha512-x00IRNXNy63jwGkJmzPigoySHbaqpNuzKbBOmzK+g2OdZpQ9w+sxCN+VSB3ja7IAge2OP2qpfxTjeNcyjmW1uw==

is-stream@^2.0.0:
  version "2.0.1"
  resolved "https://registry.yarnpkg.com/is-stream/-/is-stream-2.0.1.tgz#fac1e3d53b97ad5a9d0ae9cef2389f5810a5c077"
  integrity sha512-hFoiJiTl63nn+kstHGBtewWSKnQLpyb155KHheA1l39uvtO9nWIop1p3udqPcUd/xbF1VLMO4n7OI6p7RbngDg==

lodash.snakecase@^4.1.1:
  version "4.1.1"
  resolved "https://registry.yarnpkg.com/lodash.snakecase/-/lodash.snakecase-4.1.1.tgz#39d714a35357147837aefd64b5dcbb16becd8f8d"
  integrity sha512-QZ1d4xoBHYUeuouhEq3lk3Uq7ldgyFXGBhg04+oRLnIz8o9T65Eh+8YdroUwn846zchkA9yDsDl5CVVaV2nqYw==

lodash.uniqwith@^4.5.0:
  version "4.5.0"
  resolved "https://registry.yarnpkg.com/lodash.uniqwith/-/lodash.uniqwith-4.5.0.tgz#7a0cbf65f43b5928625a9d4d0dc54b18cadc7ef3"
  integrity sha512-7lYL8bLopMoy4CTICbxygAUq6CdRJ36vFc80DucPueUee+d5NBRxz3FdT9Pes/HEx5mPoT9jwnsEJWz1N7uq7Q==

mime-db@1.52.0:
  version "1.52.0"
  resolved "https://registry.yarnpkg.com/mime-db/-/mime-db-1.52.0.tgz#bbabcdc02859f4987301c856e3387ce5ec43bf70"
  integrity sha512-sPU4uV7dYlvtWJxwwxHD0PuihVNiE7TyAbQ5SWxDCB9mUYvOgroQOwYQQOKPJ8CIbE+1ETVlOoK1UC2nU3gYvg==

mime-types@^2.1.12:
  version "2.1.35"
  resolved "https://registry.yarnpkg.com/mime-types/-/mime-types-2.1.35.tgz#381a871b62a734450660ae3deee44813f70d959a"
  integrity sha512-ZDY+bPm5zTTF+YpCrAU9nK0UgICYPT0QtT1NZWFv4s++TNkcgVaT0g6+4R2uI4MjQjzysHB1zxuWL50hzaeXiw==
  dependencies:
    mime-db "1.52.0"

minimatch@^5.0.1:
  version "5.1.0"
  resolved "https://registry.yarnpkg.com/minimatch/-/minimatch-5.1.0.tgz#1717b464f4971b144f6aabe8f2d0b8e4511e09c7"
  integrity sha512-9TPBGGak4nHfGZsPBohm9AWg6NoT7QTCehS3BIJABslyZbzxfV78QM2Y6+i741OPZIafFAaiiEMh5OyIrJPgtg==
  dependencies:
    brace-expansion "^2.0.1"

once@^1.3.0:
  version "1.4.0"
  resolved "https://registry.yarnpkg.com/once/-/once-1.4.0.tgz#583b1aa775961d4b113ac17d9c50baef9dd76bd1"
  integrity sha512-lNaJgI+2Q5URQBkccEKHTQOPaXdUxnZZElQTZY0MFUAuaEqe1E+Nyvgdz/aIyNi6Z9MzO5dv1H8n58/GELp3+w==
  dependencies:
    wrappy "1"

path@^0.12.7:
  version "0.12.7"
  resolved "https://registry.yarnpkg.com/path/-/path-0.12.7.tgz#d4dc2a506c4ce2197eb481ebfcd5b36c0140b10f"
  integrity sha512-aXXC6s+1w7otVF9UletFkFcDsJeO7lSZBPUQhtb5O0xJe8LtYhj/GxldoL09bBj9+ZmE2hNoHqQSFMN5fikh4Q==
  dependencies:
    process "^0.11.1"
    util "^0.10.3"

peek-readable@^5.0.0-alpha.5:
  version "5.0.0-alpha.5"
  resolved "https://registry.yarnpkg.com/peek-readable/-/peek-readable-5.0.0-alpha.5.tgz#ace5dfedf7bc33f17c9b5170b9d54f69a4fba79b"
  integrity sha512-pJohF/tDwV3ntnT5+EkUo4E700q/j/OCDuPxtM+5/kFGjyOai/sK4/We4Cy1MB2OiTQliWU5DxPvYIKQAdPqAA==

prettier@^2.7.1:
  version "2.7.1"
  resolved "https://registry.yarnpkg.com/prettier/-/prettier-2.7.1.tgz#e235806850d057f97bb08368a4f7d899f7760c64"
  integrity sha512-ujppO+MkdPqoVINuDFDRLClm7D78qbDt0/NR+wp5FqEZOoTNAjPHWj17QRhu7geIHJfcNhRk1XVQmF8Bp3ye+g==

process@^0.11.1:
  version "0.11.10"
  resolved "https://registry.yarnpkg.com/process/-/process-0.11.10.tgz#7332300e840161bda3e69a1d1d91a7d4bc16f182"
  integrity sha512-cdGef/drWFoydD1JsMzuFf8100nZl+GT+yacc2bEced5f9Rjk4z+WtFUTBu9PhOi9j/jfmBPu0mMEY4wIdAF8A==

readable-stream@^3.6.0:
  version "3.6.0"
  resolved "https://registry.yarnpkg.com/readable-stream/-/readable-stream-3.6.0.tgz#337bbda3adc0706bd3e024426a286d4b4b2c9198"
  integrity sha512-BViHy7LKeTz4oNnkcLJ+lVSL6vpiFeX6/d3oSH8zCW7UxP2onchk+vTGB143xuFjHS3deTgkKoXXymXqymiIdA==
  dependencies:
    inherits "^2.0.3"
    string_decoder "^1.1.1"
    util-deprecate "^1.0.1"

readable-web-to-node-stream@^3.0.2:
  version "3.0.2"
  resolved "https://registry.yarnpkg.com/readable-web-to-node-stream/-/readable-web-to-node-stream-3.0.2.tgz#5d52bb5df7b54861fd48d015e93a2cb87b3ee0bb"
  integrity sha512-ePeK6cc1EcKLEhJFt/AebMCLL+GgSKhuygrZ/GLaKZYEecIgIECf4UaUuaByiGtzckwR4ain9VzUh95T1exYGw==
  dependencies:
    readable-stream "^3.6.0"

rss-to-json@^2.1.0:
  version "2.1.0"
  resolved "https://registry.yarnpkg.com/rss-to-json/-/rss-to-json-2.1.0.tgz#13f20fcbf86386bdafba8bbcc469d4ee92d7023e"
  integrity sha512-F8QtOXKAX3zXW5c4+Q6Oz0PkrZgdLVXcvmdW+8+cgba9iy7qYGN7j8p28oxc1G5+WAAliEkIbjBpXWH7IfeziQ==
  dependencies:
    axios "^0.27.2"
    fast-xml-parser "^4.0.9"

safe-buffer@~5.2.0:
  version "5.2.1"
  resolved "https://registry.yarnpkg.com/safe-buffer/-/safe-buffer-5.2.1.tgz#1eaf9fa9bdb1fdd4ec75f58f9cdb4e6b7827eec6"
  integrity sha512-rp3So07KcdmmKbGvgaNxQSJr7bGVSVk5S9Eq1F+ppbRo70+YeaDxkw5Dd8NPN+GD6bjnYm2VuPuCXmpuYvmCXQ==

string_decoder@^1.1.1:
  version "1.3.0"
  resolved "https://registry.yarnpkg.com/string_decoder/-/string_decoder-1.3.0.tgz#42f114594a46cf1a8e30b0a84f56c78c3edac21e"
  integrity sha512-hkRX8U1WjJFd8LsDJ2yQ/wWWxaopEsABU1XfkM8A+j0+85JAGppt16cr1Whg6KIbb4okU6Mql6BOj+uup/wKeA==
  dependencies:
    safe-buffer "~5.2.0"

strnum@^1.0.5:
  version "1.0.5"
  resolved "https://registry.yarnpkg.com/strnum/-/strnum-1.0.5.tgz#5c4e829fe15ad4ff0d20c3db5ac97b73c9b072db"
  integrity sha512-J8bbNyKKXl5qYcR36TIO8W3mVGVHrmmxsd5PAItGkmyzwJvybiw2IVq5nqd0i4LSNSkB/sx9VHllbfFdr9k1JA==

strtok3@^7.0.0-alpha.7:
  version "7.0.0-alpha.8"
  resolved "https://registry.yarnpkg.com/strtok3/-/strtok3-7.0.0-alpha.8.tgz#23a7870974e0494b58b14af6dd1c2c67cf13314d"
  integrity sha512-u+k19v+rTxBjGYxncRQjGvZYwYvEd0uP3D+uHKe/s4WB1eXS5ZwpZsTlBu5xSS4zEd89mTXECXg6WW3FSeV8cA==
  dependencies:
    "@tokenizer/token" "^0.3.0"
    peek-readable "^5.0.0-alpha.5"

token-types@^5.0.0-alpha.2:
  version "5.0.0-alpha.2"
  resolved "https://registry.yarnpkg.com/token-types/-/token-types-5.0.0-alpha.2.tgz#e43d63b2a8223a593d1c782a5149bec18f1abf97"
  integrity sha512-EsG9UxAW4M6VATrEEjhPFTKEUi1OiJqTUMIZOGBN49fGxYjZB36k0p7to3HZSmWRoHm1QfZgrg3e02fpqAt5fQ==
  dependencies:
    "@tokenizer/token" "^0.3.0"
    ieee754 "^1.2.1"

ts-mixer@^6.0.1:
  version "6.0.1"
  resolved "https://registry.yarnpkg.com/ts-mixer/-/ts-mixer-6.0.1.tgz#7c2627fb98047eb5f3c7f2fee39d1521d18fe87a"
  integrity sha512-hvE+ZYXuINrx6Ei6D6hz+PTim0Uf++dYbK9FFifLNwQj+RwKquhQpn868yZsCtJYiclZF1u8l6WZxxKi+vv7Rg==

tslib@^2.4.0:
  version "2.4.0"
  resolved "https://registry.yarnpkg.com/tslib/-/tslib-2.4.0.tgz#7cecaa7f073ce680a05847aa77be941098f36dc3"
  integrity sha512-d6xOpEDfsi2CZVlPQzGeux8XMwLT9hssAsaPYExaQMuYskwb+x1x7J371tWlbBdWHroy99KnVB6qIkUbs5X3UQ==

undici@^5.7.0, undici@^5.8.0:
  version "5.8.0"
  resolved "https://registry.yarnpkg.com/undici/-/undici-5.8.0.tgz#dec9a8ccd90e5a1d81d43c0eab6503146d649a4f"
  integrity sha512-1F7Vtcez5w/LwH2G2tGnFIihuWUlc58YidwLiCv+jR2Z50x0tNXpRRw7eOIJ+GvqCqIkg9SB7NWAJ/T9TLfv8Q==

util-deprecate@^1.0.1:
  version "1.0.2"
  resolved "https://registry.yarnpkg.com/util-deprecate/-/util-deprecate-1.0.2.tgz#450d4dc9fa70de732762fbd2d4a28981419a0ccf"
  integrity sha512-EPD5q1uXyFxJpCrLnCc1nHnq3gOa6DZBocAIiI2TaSCA7VCJ1UJDMagCzIkXNsUYfD1daK//LTEQ8xiIbrHtcw==

util@^0.10.3:
  version "0.10.4"
  resolved "https://registry.yarnpkg.com/util/-/util-0.10.4.tgz#3aa0125bfe668a4672de58857d3ace27ecb76901"
  integrity sha512-0Pm9hTQ3se5ll1XihRic3FDIku70C+iHUdT/W926rSgHV5QgXsYbKZN8MSC3tJtSkhuROzvsQjAaFENRXr+19A==
  dependencies:
    inherits "2.0.3"

wrappy@1:
  version "1.0.2"
  resolved "https://registry.yarnpkg.com/wrappy/-/wrappy-1.0.2.tgz#b5243d8f3ec1aa35f1364605bc0d1036e30ab69f"
  integrity sha512-l4Sp/DRseor9wL6EvV2+TuQn63dMkPjZ/sp9XkghTEbV9KlPS1xUsZ3u7/IQO4wxtcFB4bgpQPRcR3QCvezPcQ==

ws@^8.8.1:
  version "8.8.1"
  resolved "https://registry.yarnpkg.com/ws/-/ws-8.8.1.tgz#5dbad0feb7ade8ecc99b830c1d77c913d4955ff0"
  integrity sha512-bGy2JzvzkPowEJV++hF07hAD6niYSr0JzBNo/J29WsB57A2r7Wlc1UFcTR9IzrPvuNVO4B8LGqF8qcpsVOhJCA==
